
Microsoft Visual Studio Solution File, Format Version 12.00
# Visual Studio Version 16
VisualStudioVersion = 16.0.31129.286
MinimumVisualStudioVersion = 10.0.40219.1
Project("{FAE04EC0-301F-11D3-BF4B-00C04F79EFBC}") = "RepositoryPattern", "RepositoryPattern\RepositoryPattern.csproj", "{68319AEB-2D3E-4665-B49C-3207BAD4B1FB}"
EndProject
Global
	GlobalSection(SolutionConfigurationPlatforms) = preSolution
		Debug|Any CPU = Debug|Any CPU
		Release|Any CPU = Release|Any CPU
	EndGlobalSection
	GlobalSection(ProjectConfigurationPlatforms) = postSolution
		{68319AEB-2D3E-4665-B49C-3207BAD4B1FB}.Debug|Any CPU.ActiveCfg = Debug|Any CPU
		{68319AEB-2D3E-4665-B49C-3207BAD4B1FB}.Debug|Any CPU.Build.0 = Debug|Any CPU
		{68319AEB-2D3E-4665-B49C-3207BAD4B1FB}.Release|Any CPU.ActiveCfg = Release|Any CPU
		{68319AEB-2D3E-4665-B49C-3207BAD4B1FB}.Release|Any CPU.Build.0 = Release|Any CPU
	EndGlobalSection
	GlobalSection(SolutionProperties) = preSolution
		HideSolutionNode = FALSE
	EndGlobalSection
	GlobalSection(ExtensibilityGlobals) = postSolution
		SolutionGuid = {627FC312-6197-4E44-9DB0-DAD180A897C4}
	EndGlobalSection
EndGlobal
